
Microsoft Visual Studio Solution File, Format Version 12.00
# Visual Studio 2013
VisualStudioVersion = 12.0.30501.0
MinimumVisualStudioVersion = 10.0.40219.1
Project("{FAE04EC0-301F-11D3-BF4B-00C04F79EFBC}") = "GoudKoorts", "GoudKoorts\GoudKoorts.csproj", "{BA6F9627-F9EC-4D60-9027-2496D44916B2}"
EndProject
Project("{F088123C-0E9E-452A-89E6-6BA2F21D5CAC}") = "GoudkoortsModel", "GoudkoortsModel\GoudkoortsModel.modelproj", "{CA1B2775-8730-4CAB-9F34-E71F42552C41}"
EndProject
Global
	GlobalSection(SolutionConfigurationPlatforms) = preSolution
		Debug|Any CPU = Debug|Any CPU
		Release|Any CPU = Release|Any CPU
	EndGlobalSection
	GlobalSection(ProjectConfigurationPlatforms) = postSolution
		{BA6F9627-F9EC-4D60-9027-2496D44916B2}.Debug|Any CPU.ActiveCfg = Debug|Any CPU
		{BA6F9627-F9EC-4D60-9027-2496D44916B2}.Debug|Any CPU.Build.0 = Debug|Any CPU
		{BA6F9627-F9EC-4D60-9027-2496D44916B2}.Release|Any CPU.ActiveCfg = Release|Any CPU
		{BA6F9627-F9EC-4D60-9027-2496D44916B2}.Release|Any CPU.Build.0 = Release|Any CPU
		{CA1B2775-8730-4CAB-9F34-E71F42552C41}.Debug|Any CPU.ActiveCfg = Debug|Any CPU
		{CA1B2775-8730-4CAB-9F34-E71F42552C41}.Debug|Any CPU.Build.0 = Debug|Any CPU
		{CA1B2775-8730-4CAB-9F34-E71F42552C41}.Release|Any CPU.ActiveCfg = Release|Any CPU
		{CA1B2775-8730-4CAB-9F34-E71F42552C41}.Release|Any CPU.Build.0 = Release|Any CPU
	EndGlobalSection
	GlobalSection(SolutionProperties) = preSolution
		HideSolutionNode = FALSE
	EndGlobalSection
EndGlobal
